
Microsoft Visual Studio Solution File, Format Version 12.00
# Visual Studio Version 17
VisualStudioVersion = 17.3.32901.215
MinimumVisualStudioVersion = 10.0.40219.1
Project("{FAE04EC0-301F-11D3-BF4B-00C04F79EFBC}") = "WindowsFormsApp5", "WindowsFormsApp5.csproj", "{FC31EBED-1E20-4318-8610-8D8BD4827EB5}"
EndProject
Global
	GlobalSection(SolutionConfigurationPlatforms) = preSolution
		Debug|Any CPU = Debug|Any CPU
		Release|Any CPU = Release|Any CPU
	EndGlobalSection
	GlobalSection(ProjectConfigurationPlatforms) = postSolution
		{FC31EBED-1E20-4318-8610-8D8BD4827EB5}.Debug|Any CPU.ActiveCfg = Debug|Any CPU
		{FC31EBED-1E20-4318-8610-8D8BD4827EB5}.Debug|Any CPU.Build.0 = Debug|Any CPU
		{FC31EBED-1E20-4318-8610-8D8BD4827EB5}.Release|Any CPU.ActiveCfg = Release|Any CPU
		{FC31EBED-1E20-4318-8610-8D8BD4827EB5}.Release|Any CPU.Build.0 = Release|Any CPU
	EndGlobalSection
	GlobalSection(SolutionProperties) = preSolution
		HideSolutionNode = FALSE
	EndGlobalSection
	GlobalSection(ExtensibilityGlobals) = postSolution
		SolutionGuid = {085EB47C-1C44-4FE7-B1F6-2D0F1EE8C373}
	EndGlobalSection
EndGlobal
