
Microsoft Visual Studio Solution File, Format Version 12.00
# Visual Studio Version 17
VisualStudioVersion = 17.3.32901.215
MinimumVisualStudioVersion = 10.0.40219.1
Project("{FAE04EC0-301F-11D3-BF4B-00C04F79EFBC}") = "6.hafta", "6.hafta.csproj", "{F6431FA8-90DF-4C3F-8C9E-66DEF5A79527}"
EndProject
Global
	GlobalSection(SolutionConfigurationPlatforms) = preSolution
		Debug|Any CPU = Debug|Any CPU
		Release|Any CPU = Release|Any CPU
	EndGlobalSection
	GlobalSection(ProjectConfigurationPlatforms) = postSolution
		{F6431FA8-90DF-4C3F-8C9E-66DEF5A79527}.Debug|Any CPU.ActiveCfg = Debug|Any CPU
		{F6431FA8-90DF-4C3F-8C9E-66DEF5A79527}.Debug|Any CPU.Build.0 = Debug|Any CPU
		{F6431FA8-90DF-4C3F-8C9E-66DEF5A79527}.Release|Any CPU.ActiveCfg = Release|Any CPU
		{F6431FA8-90DF-4C3F-8C9E-66DEF5A79527}.Release|Any CPU.Build.0 = Release|Any CPU
	EndGlobalSection
	GlobalSection(SolutionProperties) = preSolution
		HideSolutionNode = FALSE
	EndGlobalSection
	GlobalSection(ExtensibilityGlobals) = postSolution
		SolutionGuid = {30793D20-374E-49A3-B980-6C2EAC863F65}
	EndGlobalSection
EndGlobal
